
Microsoft Visual Studio Solution File, Format Version 12.00
# Visual Studio Version 17
VisualStudioVersion = 17.8.34330.188
MinimumVisualStudioVersion = 10.0.40219.1
Project("{FAE04EC0-301F-11D3-BF4B-00C04F79EFBC}") = "RealEstateCLI", "RealEstateCLI\RealEstateCLI.csproj", "{E27EACF8-DB8D-4E19-8763-5303B62A7651}"
EndProject
Project("{FAE04EC0-301F-11D3-BF4B-00C04F79EFBC}") = "RealEstateGUI", "RealEstateGUI\RealEstateGUI.csproj", "{FF502354-A57A-4024-9BB9-63F4EB2FCEB5}"
EndProject
Global
	GlobalSection(SolutionConfigurationPlatforms) = preSolution
		Debug|Any CPU = Debug|Any CPU
		Release|Any CPU = Release|Any CPU
	EndGlobalSection
	GlobalSection(ProjectConfigurationPlatforms) = postSolution
		{E27EACF8-DB8D-4E19-8763-5303B62A7651}.Debug|Any CPU.ActiveCfg = Debug|Any CPU
		{E27EACF8-DB8D-4E19-8763-5303B62A7651}.Debug|Any CPU.Build.0 = Debug|Any CPU
		{E27EACF8-DB8D-4E19-8763-5303B62A7651}.Release|Any CPU.ActiveCfg = Release|Any CPU
		{E27EACF8-DB8D-4E19-8763-5303B62A7651}.Release|Any CPU.Build.0 = Release|Any CPU
		{FF502354-A57A-4024-9BB9-63F4EB2FCEB5}.Debug|Any CPU.ActiveCfg = Debug|Any CPU
		{FF502354-A57A-4024-9BB9-63F4EB2FCEB5}.Debug|Any CPU.Build.0 = Debug|Any CPU
		{FF502354-A57A-4024-9BB9-63F4EB2FCEB5}.Release|Any CPU.ActiveCfg = Release|Any CPU
		{FF502354-A57A-4024-9BB9-63F4EB2FCEB5}.Release|Any CPU.Build.0 = Release|Any CPU
	EndGlobalSection
	GlobalSection(SolutionProperties) = preSolution
		HideSolutionNode = FALSE
	EndGlobalSection
	GlobalSection(ExtensibilityGlobals) = postSolution
		SolutionGuid = {EFB55027-CA8A-46BB-8011-62504B23E6C9}
	EndGlobalSection
EndGlobal
